
Microsoft Visual Studio Solution File, Format Version 12.00
# Visual Studio 15
VisualStudioVersion = 15.0.28307.1831
MinimumVisualStudioVersion = 10.0.40219.1
Project("{FAE04EC0-301F-11D3-BF4B-00C04F79EFBC}") = "bgt_ntp_03_05_4", "bgt_ntp_03_05_4\bgt_ntp_03_05_4.csproj", "{4F52C1B7-0C33-4091-8DD1-14C7EC9D9C4F}"
EndProject
Global
	GlobalSection(SolutionConfigurationPlatforms) = preSolution
		Debug|Any CPU = Debug|Any CPU
		Release|Any CPU = Release|Any CPU
	EndGlobalSection
	GlobalSection(ProjectConfigurationPlatforms) = postSolution
		{4F52C1B7-0C33-4091-8DD1-14C7EC9D9C4F}.Debug|Any CPU.ActiveCfg = Debug|Any CPU
		{4F52C1B7-0C33-4091-8DD1-14C7EC9D9C4F}.Debug|Any CPU.Build.0 = Debug|Any CPU
		{4F52C1B7-0C33-4091-8DD1-14C7EC9D9C4F}.Release|Any CPU.ActiveCfg = Release|Any CPU
		{4F52C1B7-0C33-4091-8DD1-14C7EC9D9C4F}.Release|Any CPU.Build.0 = Release|Any CPU
	EndGlobalSection
	GlobalSection(SolutionProperties) = preSolution
		HideSolutionNode = FALSE
	EndGlobalSection
	GlobalSection(ExtensibilityGlobals) = postSolution
		SolutionGuid = {ABE8E2B1-3ED6-4630-91BE-819C3832708D}
	EndGlobalSection
EndGlobal
